
Microsoft Visual Studio Solution File, Format Version 12.00
# Visual Studio Version 17
VisualStudioVersion = 17.4.33213.308
MinimumVisualStudioVersion = 10.0.40219.1
Project("{FAE04EC0-301F-11D3-BF4B-00C04F79EFBC}") = "PackageDataExtractorViewExtension", "PackageDataExtractorViewExtension.csproj", "{A976C4C0-D179-477B-B74E-4AB702883A96}"
EndProject
Global
	GlobalSection(SolutionConfigurationPlatforms) = preSolution
		Debug|Any CPU = Debug|Any CPU
		Release|Any CPU = Release|Any CPU
	EndGlobalSection
	GlobalSection(ProjectConfigurationPlatforms) = postSolution
		{A976C4C0-D179-477B-B74E-4AB702883A96}.Debug|Any CPU.ActiveCfg = Debug|Any CPU
		{A976C4C0-D179-477B-B74E-4AB702883A96}.Debug|Any CPU.Build.0 = Debug|Any CPU
		{A976C4C0-D179-477B-B74E-4AB702883A96}.Release|Any CPU.ActiveCfg = Release|Any CPU
		{A976C4C0-D179-477B-B74E-4AB702883A96}.Release|Any CPU.Build.0 = Release|Any CPU
	EndGlobalSection
	GlobalSection(SolutionProperties) = preSolution
		HideSolutionNode = FALSE
	EndGlobalSection
	GlobalSection(ExtensibilityGlobals) = postSolution
		SolutionGuid = {584DE91E-5C22-41EC-9801-DFB15F15A26E}
	EndGlobalSection
EndGlobal
